
Microsoft Visual Studio Solution File, Format Version 12.00
# Visual Studio Version 16
VisualStudioVersion = 16.0.31129.286
MinimumVisualStudioVersion = 10.0.40219.1
Project("{FAE04EC0-301F-11D3-BF4B-00C04F79EFBC}") = "Matris1", "Matris1\Matris1.csproj", "{D3E25D0C-E3A7-4E98-84F8-58549F5B91A6}"
EndProject
Global
	GlobalSection(SolutionConfigurationPlatforms) = preSolution
		Debug|Any CPU = Debug|Any CPU
		Release|Any CPU = Release|Any CPU
	EndGlobalSection
	GlobalSection(ProjectConfigurationPlatforms) = postSolution
		{D3E25D0C-E3A7-4E98-84F8-58549F5B91A6}.Debug|Any CPU.ActiveCfg = Debug|Any CPU
		{D3E25D0C-E3A7-4E98-84F8-58549F5B91A6}.Debug|Any CPU.Build.0 = Debug|Any CPU
		{D3E25D0C-E3A7-4E98-84F8-58549F5B91A6}.Release|Any CPU.ActiveCfg = Release|Any CPU
		{D3E25D0C-E3A7-4E98-84F8-58549F5B91A6}.Release|Any CPU.Build.0 = Release|Any CPU
	EndGlobalSection
	GlobalSection(SolutionProperties) = preSolution
		HideSolutionNode = FALSE
	EndGlobalSection
	GlobalSection(ExtensibilityGlobals) = postSolution
		SolutionGuid = {4ECB29D3-E111-4EB6-A7B2-540F0D6CA8BD}
	EndGlobalSection
EndGlobal
